
Microsoft Visual Studio Solution File, Format Version 12.00
# Visual Studio Version 17
VisualStudioVersion = 17.7.34221.43
MinimumVisualStudioVersion = 10.0.40219.1
Project("{FAE04EC0-301F-11D3-BF4B-00C04F79EFBC}") = "DotnetIntro2024", "DotnetIntro2024\DotnetIntro2024.csproj", "{DE42092D-73A0-4AA9-A6C3-AFC94840B8DA}"
EndProject
Global
	GlobalSection(SolutionConfigurationPlatforms) = preSolution
		Debug|Any CPU = Debug|Any CPU
		Release|Any CPU = Release|Any CPU
	EndGlobalSection
	GlobalSection(ProjectConfigurationPlatforms) = postSolution
		{DE42092D-73A0-4AA9-A6C3-AFC94840B8DA}.Debug|Any CPU.ActiveCfg = Debug|Any CPU
		{DE42092D-73A0-4AA9-A6C3-AFC94840B8DA}.Debug|Any CPU.Build.0 = Debug|Any CPU
		{DE42092D-73A0-4AA9-A6C3-AFC94840B8DA}.Release|Any CPU.ActiveCfg = Release|Any CPU
		{DE42092D-73A0-4AA9-A6C3-AFC94840B8DA}.Release|Any CPU.Build.0 = Release|Any CPU
	EndGlobalSection
	GlobalSection(SolutionProperties) = preSolution
		HideSolutionNode = FALSE
	EndGlobalSection
	GlobalSection(ExtensibilityGlobals) = postSolution
		SolutionGuid = {B6BC6BF9-DD70-4871-AD33-734D94E8F7A6}
	EndGlobalSection
EndGlobal
